
Microsoft Visual Studio Solution File, Format Version 12.00
# Visual Studio 2012
Project("{FAE04EC0-301F-11D3-BF4B-00C04F79EFBC}") = "ZeroG", "ZeroG.csproj", "{2CFDAE08-3021-4ECE-91D3-FC8909105675}"
EndProject
Global
	GlobalSection(SolutionConfigurationPlatforms) = preSolution
		Debug|x86 = Debug|x86
		Release|x86 = Release|x86
	EndGlobalSection
	GlobalSection(ProjectConfigurationPlatforms) = postSolution
		{2CFDAE08-3021-4ECE-91D3-FC8909105675}.Debug|x86.ActiveCfg = Debug|x86
		{2CFDAE08-3021-4ECE-91D3-FC8909105675}.Debug|x86.Build.0 = Debug|x86
		{2CFDAE08-3021-4ECE-91D3-FC8909105675}.Release|x86.ActiveCfg = Release|x86
		{2CFDAE08-3021-4ECE-91D3-FC8909105675}.Release|x86.Build.0 = Release|x86
	EndGlobalSection
EndGlobal
